<?xml version="1.0" encoding="utf-8"?>
<Project ToolsVersion="4.0" xmlns="http://schemas.microsoft.com/developer/msbuild/2003">
  <ItemGroup>
    <Filter Include="Source Files">
      <UniqueIdentifier>{4FC737F1-C7A5-4376-A066-2A32D752A2FF}</UniqueIdentifier>
      <Extensions>cpp;c;cc;cxx;c++;def;odl;idl;hpj;bat;asm;asmx</Extensions>
    </Filter>
    <Filter Include="Resource Files">
      <UniqueIdentifier>{67DA6AB6-F800-4c08-8B7A-83BB121AAD01}</UniqueIdentifier>
      <Extensions>rc;ico;cur;bmp;dlg;rc2;rct;bin;rgs;gif;jpg;jpeg;jpe;resx;tiff;tif;png;wav;mfcribbon-ms</Extensions>
    </Filter>
    <Filter Include="libraries">
      <UniqueIdentifier>{5f6dbaaf-9868-4a47-af33-d8324389b124}</UniqueIdentifier>
    </Filter>
    <Filter Include="libraries\glad">
      <UniqueIdentifier>{7bcde428-73f5-4f4b-ab48-b06a6726c6c7}</UniqueIdentifier>
    </Filter>
    <Filter Include="libraries\imgui">
      <UniqueIdentifier>{2b669af1-2ca6-45fd-b0d0-830947aa14dc}</UniqueIdentifier>
    </Filter>
    <Filter Include="libraries\stbimage">
      <UniqueIdentifier>{8623a984-ae59-4c3f-8bf1-2cd03f7b5905}</UniqueIdentifier>
    </Filter>
  </ItemGroup>
  <ItemGroup>
    <ClCompile Include="src\EntryPoint.cpp">
      <Filter>Source Files</Filter>
    </ClCompile>
    <ClCompile Include="lib\imgui\imgui_demo.cpp">
      <Filter>libraries\imgui</Filter>
    </ClCompile>
    <ClCompile Include="lib\imgui\imgui_draw.cpp">
      <Filter>libraries\imgui</Filter>
    </ClCompile>
    <ClCompile Include="lib\imgui\imgui_impl_glfw.cpp">
      <Filter>libraries\imgui</Filter>
    </ClCompile>
    <ClCompile Include="lib\imgui\imgui_impl_opengl3.cpp">
      <Filter>libraries\imgui</Filter>
    </ClCompile>
    <ClCompile Include="lib\imgui\imgui_tables.cpp">
      <Filter>libraries\imgui</Filter>
    </ClCompile>
    <ClCompile Include="lib\imgui\imgui_widgets.cpp">
      <Filter>libraries\imgui</Filter>
    </ClCompile>
    <ClCompile Include="lib\imgui\imgui.cpp">
      <Filter>libraries\imgui</Filter>
    </ClCompile>
    <ClCompile Include="lib\glad\glad.c">
      <Filter>libraries\glad</Filter>
    </ClCompile>
    <ClCompile Include="ProgramManager.cpp">
      <Filter>Source Files</Filter>
    </ClCompile>
    <ClCompile Include="ShaderProgram.cpp">
      <Filter>Source Files</Filter>
    </ClCompile>
    <ClCompile Include="Utilities.cpp">
      <Filter>Source Files</Filter>
    </ClCompile>
    <ClCompile Include="SpriteRenderer.cpp">
      <Filter>Source Files</Filter>
    </ClCompile>
    <ClCompile Include="Texture.cpp">
      <Filter>Source Files</Filter>
    </ClCompile>
    <ClCompile Include="ResourceManager.cpp">
      <Filter>Source Files</Filter>
    </ClCompile>
    <ClCompile Include="Camera.cpp">
      <Filter>Source Files</Filter>
    </ClCompile>
    <ClCompile Include="Component.cpp">
      <Filter>Source Files</Filter>
    </ClCompile>
    <ClCompile Include="Entity.cpp">
      <Filter>Source Files</Filter>
    </ClCompile>
    <ClCompile Include="Transform.cpp">
      <Filter>Source Files</Filter>
    </ClCompile>
    <ClCompile Include="SpriteContainer.cpp">
      <Filter>Source Files</Filter>
    </ClCompile>
    <ClCompile Include="SpriteAnimation.cpp">
      <Filter>Source Files</Filter>
    </ClCompile>
    <ClCompile Include="PlayerInputManager.cpp">
      <Filter>Source Files</Filter>
    </ClCompile>
  </ItemGroup>
  <ItemGroup>
    <ClInclude Include="lib\glad\glad.h">
      <Filter>libraries\glad</Filter>
    </ClInclude>
    <ClInclude Include="lib\glad\khrplatform.h">
      <Filter>libraries\glad</Filter>
    </ClInclude>
    <ClInclude Include="lib\imgui\imconfig.h">
      <Filter>libraries\imgui</Filter>
    </ClInclude>
    <ClInclude Include="lib\imgui\imgui.h">
      <Filter>libraries\imgui</Filter>
    </ClInclude>
    <ClInclude Include="lib\imgui\imgui_impl_glfw.h">
      <Filter>libraries\imgui</Filter>
    </ClInclude>
    <ClInclude Include="lib\imgui\imgui_impl_opengl3.h">
      <Filter>libraries\imgui</Filter>
    </ClInclude>
    <ClInclude Include="lib\imgui\imgui_internal.h">
      <Filter>libraries\imgui</Filter>
    </ClInclude>
    <ClInclude Include="lib\imgui\imstb_rectpack.h">
      <Filter>libraries\imgui</Filter>
    </ClInclude>
    <ClInclude Include="lib\imgui\imstb_textedit.h">
      <Filter>libraries\imgui</Filter>
    </ClInclude>
    <ClInclude Include="lib\imgui\imstb_truetype.h">
      <Filter>libraries\imgui</Filter>
    </ClInclude>
    <ClInclude Include="lib\stb_image\stb_image.h">
      <Filter>libraries\stbimage</Filter>
    </ClInclude>
    <ClInclude Include="src\Graphics.h">
      <Filter>Source Files</Filter>
    </ClInclude>
    <ClInclude Include="src\GUI.h">
      <Filter>Source Files</Filter>
    </ClInclude>
    <ClInclude Include="src\Matrices.h">
      <Filter>Source Files</Filter>
    </ClInclude>
    <ClInclude Include="ProgramManager.h">
      <Filter>Source Files</Filter>
    </ClInclude>
    <ClInclude Include="ShaderProgram.h">
      <Filter>Source Files</Filter>
    </ClInclude>
    <ClInclude Include="Utilities.h">
      <Filter>Source Files</Filter>
    </ClInclude>
    <ClInclude Include="SpriteRenderer.h">
      <Filter>Source Files</Filter>
    </ClInclude>
    <ClInclude Include="Texture.h">
      <Filter>Source Files</Filter>
    </ClInclude>
    <ClInclude Include="ResourceManager.h">
      <Filter>Source Files</Filter>
    </ClInclude>
    <ClInclude Include="Camera.h">
      <Filter>Source Files</Filter>
    </ClInclude>
    <ClInclude Include="Component.h">
      <Filter>Source Files</Filter>
    </ClInclude>
    <ClInclude Include="Entity.h">
      <Filter>Source Files</Filter>
    </ClInclude>
    <ClInclude Include="Transform.h">
      <Filter>Source Files</Filter>
    </ClInclude>
    <ClInclude Include="SpriteContainer.h">
      <Filter>Source Files</Filter>
    </ClInclude>
    <ClInclude Include="SpriteAnimation.h">
      <Filter>Source Files</Filter>
    </ClInclude>
    <ClInclude Include="PlayerInputManager.h">
      <Filter>Source Files</Filter>
    </ClInclude>
  </ItemGroup>
</Project>